
Microsoft Visual Studio Solution File, Format Version 12.00
# Visual Studio Version 17
VisualStudioVersion = 17.10.35027.167
MinimumVisualStudioVersion = 10.0.40219.1
Project("{FAE04EC0-301F-11D3-BF4B-00C04F79EFBC}") = "18 return keyword", "18 return keyword.csproj", "{6573582F-2D80-488A-865F-9BA578C912A9}"
EndProject
Global
	GlobalSection(SolutionConfigurationPlatforms) = preSolution
		Debug|Any CPU = Debug|Any CPU
		Release|Any CPU = Release|Any CPU
	EndGlobalSection
	GlobalSection(ProjectConfigurationPlatforms) = postSolution
		{6573582F-2D80-488A-865F-9BA578C912A9}.Debug|Any CPU.ActiveCfg = Debug|Any CPU
		{6573582F-2D80-488A-865F-9BA578C912A9}.Debug|Any CPU.Build.0 = Debug|Any CPU
		{6573582F-2D80-488A-865F-9BA578C912A9}.Release|Any CPU.ActiveCfg = Release|Any CPU
		{6573582F-2D80-488A-865F-9BA578C912A9}.Release|Any CPU.Build.0 = Release|Any CPU
	EndGlobalSection
	GlobalSection(SolutionProperties) = preSolution
		HideSolutionNode = FALSE
	EndGlobalSection
	GlobalSection(ExtensibilityGlobals) = postSolution
		SolutionGuid = {38FB4883-CFC8-4433-AFC4-BA54E8620147}
	EndGlobalSection
EndGlobal
