
Microsoft Visual Studio Solution File, Format Version 12.00
# Visual Studio Version 17
VisualStudioVersion = 17.10.35027.167
MinimumVisualStudioVersion = 10.0.40219.1
Project("{FAE04EC0-301F-11D3-BF4B-00C04F79EFBC}") = "22 conditional operator", "22 conditional operator.csproj", "{CA1159B9-AE7D-4620-9AA1-6E3B090A22D5}"
EndProject
Global
	GlobalSection(SolutionConfigurationPlatforms) = preSolution
		Debug|Any CPU = Debug|Any CPU
		Release|Any CPU = Release|Any CPU
	EndGlobalSection
	GlobalSection(ProjectConfigurationPlatforms) = postSolution
		{CA1159B9-AE7D-4620-9AA1-6E3B090A22D5}.Debug|Any CPU.ActiveCfg = Debug|Any CPU
		{CA1159B9-AE7D-4620-9AA1-6E3B090A22D5}.Debug|Any CPU.Build.0 = Debug|Any CPU
		{CA1159B9-AE7D-4620-9AA1-6E3B090A22D5}.Release|Any CPU.ActiveCfg = Release|Any CPU
		{CA1159B9-AE7D-4620-9AA1-6E3B090A22D5}.Release|Any CPU.Build.0 = Release|Any CPU
	EndGlobalSection
	GlobalSection(SolutionProperties) = preSolution
		HideSolutionNode = FALSE
	EndGlobalSection
	GlobalSection(ExtensibilityGlobals) = postSolution
		SolutionGuid = {7D753917-8E72-4951-BCEB-D9AE11B6C38B}
	EndGlobalSection
EndGlobal
